// !$*UTF8*$!
{
	archiveVersion = 1;
	classes = {
	};
	objectVersion = 56;
	objects = {

/* Begin PBXBuildFile section */
		92026CCF29545E0C0083722C /* ShareSheetView.swift in Sources */ = {isa = PBXBuildFile; fileRef = 92026CCE29545E0C0083722C /* ShareSheetView.swift */; };
		92026CD7295461650083722C /* ShareViewController.swift in Sources */ = {isa = PBXBuildFile; fileRef = 92026CD6295461650083722C /* ShareViewController.swift */; };
		92026CDE295461650083722C /* EMShare.appex in Embed Foundation Extensions */ = {isa = PBXBuildFile; fileRef = 92026CD4295461650083722C /* EMShare.appex */; settings = {ATTRIBUTES = (RemoveHeadersOnCopy, ); }; };
		925CA94B2966C4DC00492ABC /* AnimationsView.swift in Sources */ = {isa = PBXBuildFile; fileRef = 925CA94A2966C4DC00492ABC /* AnimationsView.swift */; };
		925CA94D2966C58F00492ABC /* TwitterLikeView.swift in Sources */ = {isa = PBXBuildFile; fileRef = 925CA94C2966C58F00492ABC /* TwitterLikeView.swift */; };
		E21F577B28FAAE2B007E69A8 /* AmiTabBar.swift in Sources */ = {isa = PBXBuildFile; fileRef = E21F577A28FAAE2B007E69A8 /* AmiTabBar.swift */; };
		E2313AB429008F3C001C07E2 /* CanvasView.swift in Sources */ = {isa = PBXBuildFile; fileRef = E2313AB329008F3C001C07E2 /* CanvasView.swift */; };
		E2375CC428EF6C73007E9C8F /* App.swift in Sources */ = {isa = PBXBuildFile; fileRef = E2375CC328EF6C73007E9C8F /* App.swift */; };
		E2375CC828EF6C76007E9C8F /* Assets.xcassets in Resources */ = {isa = PBXBuildFile; fileRef = E2375CC728EF6C76007E9C8F /* Assets.xcassets */; };
		E2375CCB28EF6C76007E9C8F /* Preview Assets.xcassets in Resources */ = {isa = PBXBuildFile; fileRef = E2375CCA28EF6C76007E9C8F /* Preview Assets.xcassets */; };
		E2375CD628EF6CDD007E9C8F /* RootView.swift in Sources */ = {isa = PBXBuildFile; fileRef = E2375CD528EF6CDD007E9C8F /* RootView.swift */; };
		E2375CD928EF6D1A007E9C8F /* ThemeManager.swift in Sources */ = {isa = PBXBuildFile; fileRef = E2375CD828EF6D1A007E9C8F /* ThemeManager.swift */; };
		E2375CDC28F0B75D007E9C8F /* InjectionResolver.swift in Sources */ = {isa = PBXBuildFile; fileRef = E2375CDB28F0B75D007E9C8F /* InjectionResolver.swift */; };
		E2375CDE28F0B768007E9C8F /* InjectionKey.swift in Sources */ = {isa = PBXBuildFile; fileRef = E2375CDD28F0B768007E9C8F /* InjectionKey.swift */; };
		E2375CE028F0B771007E9C8F /* Injected.swift in Sources */ = {isa = PBXBuildFile; fileRef = E2375CDF28F0B770007E9C8F /* Injected.swift */; };
		E2375CE328F0BB22007E9C8F /* HelloProvider.swift in Sources */ = {isa = PBXBuildFile; fileRef = E2375CE228F0BB22007E9C8F /* HelloProvider.swift */; };
		E2375CE528F0BB7D007E9C8F /* HelloProviderInjection.swift in Sources */ = {isa = PBXBuildFile; fileRef = E2375CE428F0BB7D007E9C8F /* HelloProviderInjection.swift */; };
		E2375CE728F0BD46007E9C8F /* Theme.swift in Sources */ = {isa = PBXBuildFile; fileRef = E2375CE628F0BD46007E9C8F /* Theme.swift */; };
		E2375CEA28F0BD9B007E9C8F /* PurpleTheme.swift in Sources */ = {isa = PBXBuildFile; fileRef = E2375CE928F0BD9B007E9C8F /* PurpleTheme.swift */; };
		E2375CF028F0C086007E9C8F /* Themes.swift in Sources */ = {isa = PBXBuildFile; fileRef = E2375CEF28F0C086007E9C8F /* Themes.swift */; };
		E2375CF428F17462007E9C8F /* Fonts.swift in Sources */ = {isa = PBXBuildFile; fileRef = E2375CF328F17462007E9C8F /* Fonts.swift */; };
		E26AE8F52916CE3C006918BD /* LuminanceView.swift in Sources */ = {isa = PBXBuildFile; fileRef = E26AE8F42916CE3C006918BD /* LuminanceView.swift */; };
		E26AE8F72916D9AD006918BD /* LuminanceColorSlider.swift in Sources */ = {isa = PBXBuildFile; fileRef = E26AE8F62916D9AD006918BD /* LuminanceColorSlider.swift */; };
		E26AE8FA2916E437006918BD /* LuminanceProvider.swift in Sources */ = {isa = PBXBuildFile; fileRef = E26AE8F92916E437006918BD /* LuminanceProvider.swift */; };
		E26AE8FC2916E449006918BD /* LuminanceProviderInjection.swift in Sources */ = {isa = PBXBuildFile; fileRef = E26AE8FB2916E449006918BD /* LuminanceProviderInjection.swift */; };
		E26AE9002916ED22006918BD /* RGBValues.swift in Sources */ = {isa = PBXBuildFile; fileRef = E26AE8FF2916ED22006918BD /* RGBValues.swift */; };
		E2A9861A28FAB68B00BAE9FA /* Page.swift in Sources */ = {isa = PBXBuildFile; fileRef = E2A9861928FAB68B00BAE9FA /* Page.swift */; };
		E2A9861D28FADAAA00BAE9FA /* HomeView.swift in Sources */ = {isa = PBXBuildFile; fileRef = E2A9861C28FADAAA00BAE9FA /* HomeView.swift */; };
		E2A9862228FB060F00BAE9FA /* SettingsView.swift in Sources */ = {isa = PBXBuildFile; fileRef = E2A9862128FB060F00BAE9FA /* SettingsView.swift */; };
		E2B3E79529033E0D00A437C3 /* Particle.swift in Sources */ = {isa = PBXBuildFile; fileRef = E2B3E79429033E0D00A437C3 /* Particle.swift */; };
		E2B3E79729033E6300A437C3 /* ParticleSystem.swift in Sources */ = {isa = PBXBuildFile; fileRef = E2B3E79629033E6300A437C3 /* ParticleSystem.swift */; };
		E2B3E79A29033F2100A437C3 /* Color+Extension.swift in Sources */ = {isa = PBXBuildFile; fileRef = E2B3E79929033F2100A437C3 /* Color+Extension.swift */; };
		E2B3E79E2903450700A437C3 /* GradientCanvasView.swift in Sources */ = {isa = PBXBuildFile; fileRef = E2B3E79D2903450700A437C3 /* GradientCanvasView.swift */; };
		E2B3E7A02903454600A437C3 /* ParticlesCanvasView.swift in Sources */ = {isa = PBXBuildFile; fileRef = E2B3E79F2903454600A437C3 /* ParticlesCanvasView.swift */; };
		E2B3E7A32903457E00A437C3 /* LiquidCanvasView.swift in Sources */ = {isa = PBXBuildFile; fileRef = E2B3E7A22903457E00A437C3 /* LiquidCanvasView.swift */; };
		E2BD867029216811000EDC58 /* ImageViewerView.swift in Sources */ = {isa = PBXBuildFile; fileRef = E2BD866F29216811000EDC58 /* ImageViewerView.swift */; };
		E2BD867229216CE7000EDC58 /* ImageViewerSettingsView.swift in Sources */ = {isa = PBXBuildFile; fileRef = E2BD867129216CE7000EDC58 /* ImageViewerSettingsView.swift */; };
		E2BD867729217145000EDC58 /* assets.generated.swift in Sources */ = {isa = PBXBuildFile; fileRef = E2BD867629217145000EDC58 /* assets.generated.swift */; };
		E2BD86792921739D000EDC58 /* AssetListEntry.swift in Sources */ = {isa = PBXBuildFile; fileRef = E2BD86782921739D000EDC58 /* AssetListEntry.swift */; };
		E2C67813292A794E00C38A61 /* DragGestureView.swift in Sources */ = {isa = PBXBuildFile; fileRef = E2C67812292A794E00C38A61 /* DragGestureView.swift */; };
		E2C67815292A797300C38A61 /* MovableSquare.swift in Sources */ = {isa = PBXBuildFile; fileRef = E2C67814292A797300C38A61 /* MovableSquare.swift */; };
		E2EC960628FCA109006D6351 /* TransitionsView.swift in Sources */ = {isa = PBXBuildFile; fileRef = E2EC960528FCA109006D6351 /* TransitionsView.swift */; };
/* End PBXBuildFile section */

/* Begin PBXContainerItemProxy section */
		92026CDC295461650083722C /* PBXContainerItemProxy */ = {
			isa = PBXContainerItemProxy;
			containerPortal = E2375CB828EF6C73007E9C8F /* Project object */;
			proxyType = 1;
			remoteGlobalIDString = 92026CD3295461650083722C;
			remoteInfo = EMShare;
		};
/* End PBXContainerItemProxy section */

/* Begin PBXCopyFilesBuildPhase section */
		92026CE2295461650083722C /* Embed Foundation Extensions */ = {
			isa = PBXCopyFilesBuildPhase;
			buildActionMask = 2147483647;
			dstPath = "";
			dstSubfolderSpec = 13;
			files = (
				92026CDE295461650083722C /* EMShare.appex in Embed Foundation Extensions */,
			);
			name = "Embed Foundation Extensions";
			runOnlyForDeploymentPostprocessing = 0;
		};
/* End PBXCopyFilesBuildPhase section */

/* Begin PBXFileReference section */
		92026CCE29545E0C0083722C /* ShareSheetView.swift */ = {isa = PBXFileReference; lastKnownFileType = sourcecode.swift; path = ShareSheetView.swift; sourceTree = "<group>"; };
		92026CD4295461650083722C /* EMShare.appex */ = {isa = PBXFileReference; explicitFileType = "wrapper.app-extension"; includeInIndex = 0; path = EMShare.appex; sourceTree = BUILT_PRODUCTS_DIR; };
		92026CD6295461650083722C /* ShareViewController.swift */ = {isa = PBXFileReference; lastKnownFileType = sourcecode.swift; path = ShareViewController.swift; sourceTree = "<group>"; };
		92026CDB295461650083722C /* Info.plist */ = {isa = PBXFileReference; lastKnownFileType = text.plist.xml; path = Info.plist; sourceTree = "<group>"; };
		925CA94A2966C4DC00492ABC /* AnimationsView.swift */ = {isa = PBXFileReference; lastKnownFileType = sourcecode.swift; path = AnimationsView.swift; sourceTree = "<group>"; };
		925CA94C2966C58F00492ABC /* TwitterLikeView.swift */ = {isa = PBXFileReference; lastKnownFileType = sourcecode.swift; path = TwitterLikeView.swift; sourceTree = "<group>"; };
		E21F577A28FAAE2B007E69A8 /* AmiTabBar.swift */ = {isa = PBXFileReference; lastKnownFileType = sourcecode.swift; path = AmiTabBar.swift; sourceTree = "<group>"; };
		E2313AB329008F3C001C07E2 /* CanvasView.swift */ = {isa = PBXFileReference; lastKnownFileType = sourcecode.swift; path = CanvasView.swift; sourceTree = "<group>"; };
		E2375CC028EF6C73007E9C8F /* Ami.app */ = {isa = PBXFileReference; explicitFileType = wrapper.application; includeInIndex = 0; path = Ami.app; sourceTree = BUILT_PRODUCTS_DIR; };
		E2375CC328EF6C73007E9C8F /* App.swift */ = {isa = PBXFileReference; lastKnownFileType = sourcecode.swift; path = App.swift; sourceTree = "<group>"; };
		E2375CC728EF6C76007E9C8F /* Assets.xcassets */ = {isa = PBXFileReference; lastKnownFileType = folder.assetcatalog; path = Assets.xcassets; sourceTree = "<group>"; };
		E2375CCA28EF6C76007E9C8F /* Preview Assets.xcassets */ = {isa = PBXFileReference; lastKnownFileType = folder.assetcatalog; path = "Preview Assets.xcassets"; sourceTree = "<group>"; };
		E2375CD528EF6CDD007E9C8F /* RootView.swift */ = {isa = PBXFileReference; lastKnownFileType = sourcecode.swift; path = RootView.swift; sourceTree = "<group>"; };
		E2375CD828EF6D1A007E9C8F /* ThemeManager.swift */ = {isa = PBXFileReference; lastKnownFileType = sourcecode.swift; path = ThemeManager.swift; sourceTree = "<group>"; };
		E2375CDB28F0B75D007E9C8F /* InjectionResolver.swift */ = {isa = PBXFileReference; lastKnownFileType = sourcecode.swift; path = InjectionResolver.swift; sourceTree = "<group>"; };
		E2375CDD28F0B768007E9C8F /* InjectionKey.swift */ = {isa = PBXFileReference; lastKnownFileType = sourcecode.swift; path = InjectionKey.swift; sourceTree = "<group>"; };
		E2375CDF28F0B770007E9C8F /* Injected.swift */ = {isa = PBXFileReference; lastKnownFileType = sourcecode.swift; path = Injected.swift; sourceTree = "<group>"; };
		E2375CE228F0BB22007E9C8F /* HelloProvider.swift */ = {isa = PBXFileReference; lastKnownFileType = sourcecode.swift; path = HelloProvider.swift; sourceTree = "<group>"; };
		E2375CE428F0BB7D007E9C8F /* HelloProviderInjection.swift */ = {isa = PBXFileReference; lastKnownFileType = sourcecode.swift; path = HelloProviderInjection.swift; sourceTree = "<group>"; };
		E2375CE628F0BD46007E9C8F /* Theme.swift */ = {isa = PBXFileReference; lastKnownFileType = sourcecode.swift; path = Theme.swift; sourceTree = "<group>"; };
		E2375CE928F0BD9B007E9C8F /* PurpleTheme.swift */ = {isa = PBXFileReference; lastKnownFileType = sourcecode.swift; path = PurpleTheme.swift; sourceTree = "<group>"; };
		E2375CEF28F0C086007E9C8F /* Themes.swift */ = {isa = PBXFileReference; lastKnownFileType = sourcecode.swift; path = Themes.swift; sourceTree = "<group>"; };
		E2375CF328F17462007E9C8F /* Fonts.swift */ = {isa = PBXFileReference; lastKnownFileType = sourcecode.swift; path = Fonts.swift; sourceTree = "<group>"; };
		E26AE8F42916CE3C006918BD /* LuminanceView.swift */ = {isa = PBXFileReference; lastKnownFileType = sourcecode.swift; path = LuminanceView.swift; sourceTree = "<group>"; };
		E26AE8F62916D9AD006918BD /* LuminanceColorSlider.swift */ = {isa = PBXFileReference; lastKnownFileType = sourcecode.swift; path = LuminanceColorSlider.swift; sourceTree = "<group>"; };
		E26AE8F92916E437006918BD /* LuminanceProvider.swift */ = {isa = PBXFileReference; lastKnownFileType = sourcecode.swift; path = LuminanceProvider.swift; sourceTree = "<group>"; };
		E26AE8FB2916E449006918BD /* LuminanceProviderInjection.swift */ = {isa = PBXFileReference; lastKnownFileType = sourcecode.swift; path = LuminanceProviderInjection.swift; sourceTree = "<group>"; };
		E26AE8FF2916ED22006918BD /* RGBValues.swift */ = {isa = PBXFileReference; lastKnownFileType = sourcecode.swift; path = RGBValues.swift; sourceTree = "<group>"; };
		E2A9861928FAB68B00BAE9FA /* Page.swift */ = {isa = PBXFileReference; lastKnownFileType = sourcecode.swift; path = Page.swift; sourceTree = "<group>"; };
		E2A9861C28FADAAA00BAE9FA /* HomeView.swift */ = {isa = PBXFileReference; lastKnownFileType = sourcecode.swift; path = HomeView.swift; sourceTree = "<group>"; };
		E2A9862128FB060F00BAE9FA /* SettingsView.swift */ = {isa = PBXFileReference; lastKnownFileType = sourcecode.swift; path = SettingsView.swift; sourceTree = "<group>"; };
		E2B3E79429033E0D00A437C3 /* Particle.swift */ = {isa = PBXFileReference; lastKnownFileType = sourcecode.swift; path = Particle.swift; sourceTree = "<group>"; };
		E2B3E79629033E6300A437C3 /* ParticleSystem.swift */ = {isa = PBXFileReference; lastKnownFileType = sourcecode.swift; path = ParticleSystem.swift; sourceTree = "<group>"; };
		E2B3E79929033F2100A437C3 /* Color+Extension.swift */ = {isa = PBXFileReference; lastKnownFileType = sourcecode.swift; path = "Color+Extension.swift"; sourceTree = "<group>"; };
		E2B3E79D2903450700A437C3 /* GradientCanvasView.swift */ = {isa = PBXFileReference; lastKnownFileType = sourcecode.swift; path = GradientCanvasView.swift; sourceTree = "<group>"; };
		E2B3E79F2903454600A437C3 /* ParticlesCanvasView.swift */ = {isa = PBXFileReference; lastKnownFileType = sourcecode.swift; path = ParticlesCanvasView.swift; sourceTree = "<group>"; };
		E2B3E7A22903457E00A437C3 /* LiquidCanvasView.swift */ = {isa = PBXFileReference; lastKnownFileType = sourcecode.swift; path = LiquidCanvasView.swift; sourceTree = "<group>"; };
		E2BD866F29216811000EDC58 /* ImageViewerView.swift */ = {isa = PBXFileReference; lastKnownFileType = sourcecode.swift; path = ImageViewerView.swift; sourceTree = "<group>"; };
		E2BD867129216CE7000EDC58 /* ImageViewerSettingsView.swift */ = {isa = PBXFileReference; lastKnownFileType = sourcecode.swift; path = ImageViewerSettingsView.swift; sourceTree = "<group>"; };
		E2BD867629217145000EDC58 /* assets.generated.swift */ = {isa = PBXFileReference; fileEncoding = 4; lastKnownFileType = sourcecode.swift; path = assets.generated.swift; sourceTree = "<group>"; };
		E2BD86782921739D000EDC58 /* AssetListEntry.swift */ = {isa = PBXFileReference; lastKnownFileType = sourcecode.swift; path = AssetListEntry.swift; sourceTree = "<group>"; };
		E2C67812292A794E00C38A61 /* DragGestureView.swift */ = {isa = PBXFileReference; lastKnownFileType = sourcecode.swift; path = DragGestureView.swift; sourceTree = "<group>"; };
		E2C67814292A797300C38A61 /* MovableSquare.swift */ = {isa = PBXFileReference; lastKnownFileType = sourcecode.swift; path = MovableSquare.swift; sourceTree = "<group>"; };
		E2EC960528FCA109006D6351 /* TransitionsView.swift */ = {isa = PBXFileReference; lastKnownFileType = sourcecode.swift; path = TransitionsView.swift; sourceTree = "<group>"; };
/* End PBXFileReference section */

/* Begin PBXFrameworksBuildPhase section */
		92026CD1295461650083722C /* Frameworks */ = {
			isa = PBXFrameworksBuildPhase;
			buildActionMask = 2147483647;
			files = (
			);
			runOnlyForDeploymentPostprocessing = 0;
		};
		E2375CBD28EF6C73007E9C8F /* Frameworks */ = {
			isa = PBXFrameworksBuildPhase;
			buildActionMask = 2147483647;
			files = (
			);
			runOnlyForDeploymentPostprocessing = 0;
		};
/* End PBXFrameworksBuildPhase section */

/* Begin PBXGroup section */
		92026CCA29545DB00083722C /* Visuals */ = {
			isa = PBXGroup;
			children = (
				925CA9492966C4CE00492ABC /* Animations */,
				E2313AB229008F2E001C07E2 /* Canvas */,
				E2EC960428FCA0F7006D6351 /* Transitions */,
			);
			path = Visuals;
			sourceTree = "<group>";
		};
		92026CCB29545DBE0083722C /* Gestures */ = {
			isa = PBXGroup;
			children = (
				E2C67811292A792F00C38A61 /* DragGesture */,
			);
			path = Gestures;
			sourceTree = "<group>";
		};
		92026CCC29545DC50083722C /* Uncategorized */ = {
			isa = PBXGroup;
			children = (
				92026CCD29545DFF0083722C /* ShareSheet */,
				E2BD866E292167E8000EDC58 /* ImageViewer */,
				E26AE8F32916CE2F006918BD /* Luminance */,
			);
			path = Uncategorized;
			sourceTree = "<group>";
		};
		92026CCD29545DFF0083722C /* ShareSheet */ = {
			isa = PBXGroup;
			children = (
				92026CCE29545E0C0083722C /* ShareSheetView.swift */,
			);
			path = ShareSheet;
			sourceTree = "<group>";
		};
		92026CD5295461650083722C /* EMShare */ = {
			isa = PBXGroup;
			children = (
				92026CD6295461650083722C /* ShareViewController.swift */,
				92026CDB295461650083722C /* Info.plist */,
			);
			path = EMShare;
			sourceTree = "<group>";
		};
		925CA9492966C4CE00492ABC /* Animations */ = {
			isa = PBXGroup;
			children = (
				925CA94A2966C4DC00492ABC /* AnimationsView.swift */,
				925CA94C2966C58F00492ABC /* TwitterLikeView.swift */,
			);
			path = Animations;
			sourceTree = "<group>";
		};
		E21F577828FAAD8E007E69A8 /* Components */ = {
			isa = PBXGroup;
			children = (
				E21F577928FAAD98007E69A8 /* AmiTabBar */,
			);
			path = Components;
			sourceTree = "<group>";
		};
		E21F577928FAAD98007E69A8 /* AmiTabBar */ = {
			isa = PBXGroup;
			children = (
				E21F577A28FAAE2B007E69A8 /* AmiTabBar.swift */,
			);
			path = AmiTabBar;
			sourceTree = "<group>";
		};
		E2313AB229008F2E001C07E2 /* Canvas */ = {
			isa = PBXGroup;
			children = (
				E2B3E7A12903457300A437C3 /* Liquid */,
				E2B3E79C290344F500A437C3 /* Gradient */,
				E2B3E79B290344CB00A437C3 /* Particles */,
				E2313AB329008F3C001C07E2 /* CanvasView.swift */,
			);
			path = Canvas;
			sourceTree = "<group>";
		};
		E2375CB728EF6C73007E9C8F = {
			isa = PBXGroup;
			children = (
				E2375CC228EF6C73007E9C8F /* Ami */,
				92026CD5295461650083722C /* EMShare */,
				E2375CC128EF6C73007E9C8F /* Products */,
			);
			sourceTree = "<group>";
		};
		E2375CC128EF6C73007E9C8F /* Products */ = {
			isa = PBXGroup;
			children = (
				E2375CC028EF6C73007E9C8F /* Ami.app */,
				92026CD4295461650083722C /* EMShare.appex */,
			);
			name = Products;
			sourceTree = "<group>";
		};
		E2375CC228EF6C73007E9C8F /* Ami */ = {
			isa = PBXGroup;
			children = (
				E2BD867329216CFD000EDC58 /* Generated */,
				E26AE8FD2916ED11006918BD /* Models */,
				E2375CD128EF6C92007E9C8F /* Core */,
				E2375CD228EF6C9D007E9C8F /* Providers */,
				E2375CD328EF6CA7007E9C8F /* Views */,
				E21F577828FAAD8E007E69A8 /* Components */,
				E2375CC728EF6C76007E9C8F /* Assets.xcassets */,
				E2375CC928EF6C76007E9C8F /* Preview Content */,
			);
			path = Ami;
			sourceTree = "<group>";
		};
		E2375CC928EF6C76007E9C8F /* Preview Content */ = {
			isa = PBXGroup;
			children = (
				E2375CCA28EF6C76007E9C8F /* Preview Assets.xcassets */,
			);
			path = "Preview Content";
			sourceTree = "<group>";
		};
		E2375CD128EF6C92007E9C8F /* Core */ = {
			isa = PBXGroup;
			children = (
				E2375CC328EF6C73007E9C8F /* App.swift */,
				E2B3E79829033F0800A437C3 /* Utilities */,
				E2375CDA28F0B73F007E9C8F /* DI */,
				E2375CD728EF6D0C007E9C8F /* Theming */,
			);
			path = Core;
			sourceTree = "<group>";
		};
		E2375CD228EF6C9D007E9C8F /* Providers */ = {
			isa = PBXGroup;
			children = (
				E26AE8F82916E428006918BD /* LuminanceProvider */,
				E2375CE128F0BA93007E9C8F /* HelloProvider */,
			);
			path = Providers;
			sourceTree = "<group>";
		};
		E2375CD328EF6CA7007E9C8F /* Views */ = {
			isa = PBXGroup;
			children = (
				E2A9861B28FADA9E00BAE9FA /* Home */,
				E2375CD428EF6CD1007E9C8F /* Root */,
				E2A9862028FB05FD00BAE9FA /* Settings */,
				92026CCA29545DB00083722C /* Visuals */,
				92026CCB29545DBE0083722C /* Gestures */,
				92026CCC29545DC50083722C /* Uncategorized */,
			);
			path = Views;
			sourceTree = "<group>";
		};
		E2375CD428EF6CD1007E9C8F /* Root */ = {
			isa = PBXGroup;
			children = (
				E2375CD528EF6CDD007E9C8F /* RootView.swift */,
				E2A9861928FAB68B00BAE9FA /* Page.swift */,
			);
			path = Root;
			sourceTree = "<group>";
		};
		E2375CD728EF6D0C007E9C8F /* Theming */ = {
			isa = PBXGroup;
			children = (
				E2375CF228F17457007E9C8F /* Fonts */,
				E2375CE828F0BD8F007E9C8F /* Themes */,
				E2375CD828EF6D1A007E9C8F /* ThemeManager.swift */,
				E2375CE628F0BD46007E9C8F /* Theme.swift */,
			);
			path = Theming;
			sourceTree = "<group>";
		};
		E2375CDA28F0B73F007E9C8F /* DI */ = {
			isa = PBXGroup;
			children = (
				E2375CDB28F0B75D007E9C8F /* InjectionResolver.swift */,
				E2375CDD28F0B768007E9C8F /* InjectionKey.swift */,
				E2375CDF28F0B770007E9C8F /* Injected.swift */,
			);
			path = DI;
			sourceTree = "<group>";
		};
		E2375CE128F0BA93007E9C8F /* HelloProvider */ = {
			isa = PBXGroup;
			children = (
				E2375CE228F0BB22007E9C8F /* HelloProvider.swift */,
				E2375CE428F0BB7D007E9C8F /* HelloProviderInjection.swift */,
			);
			path = HelloProvider;
			sourceTree = "<group>";
		};
		E2375CE828F0BD8F007E9C8F /* Themes */ = {
			isa = PBXGroup;
			children = (
				E2375CEF28F0C086007E9C8F /* Themes.swift */,
				E2375CE928F0BD9B007E9C8F /* PurpleTheme.swift */,
			);
			path = Themes;
			sourceTree = "<group>";
		};
		E2375CF228F17457007E9C8F /* Fonts */ = {
			isa = PBXGroup;
			children = (
				E2375CF328F17462007E9C8F /* Fonts.swift */,
			);
			path = Fonts;
			sourceTree = "<group>";
		};
		E26AE8F32916CE2F006918BD /* Luminance */ = {
			isa = PBXGroup;
			children = (
				E26AE8F42916CE3C006918BD /* LuminanceView.swift */,
				E26AE8F62916D9AD006918BD /* LuminanceColorSlider.swift */,
			);
			path = Luminance;
			sourceTree = "<group>";
		};
		E26AE8F82916E428006918BD /* LuminanceProvider */ = {
			isa = PBXGroup;
			children = (
				E26AE8F92916E437006918BD /* LuminanceProvider.swift */,
				E26AE8FB2916E449006918BD /* LuminanceProviderInjection.swift */,
			);
			path = LuminanceProvider;
			sourceTree = "<group>";
		};
		E26AE8FD2916ED11006918BD /* Models */ = {
			isa = PBXGroup;
			children = (
				E26AE8FE2916ED15006918BD /* Supporting */,
			);
			path = Models;
			sourceTree = "<group>";
		};
		E26AE8FE2916ED15006918BD /* Supporting */ = {
			isa = PBXGroup;
			children = (
				E26AE8FF2916ED22006918BD /* RGBValues.swift */,
			);
			path = Supporting;
			sourceTree = "<group>";
		};
		E2A9861B28FADA9E00BAE9FA /* Home */ = {
			isa = PBXGroup;
			children = (
				E2A9861C28FADAAA00BAE9FA /* HomeView.swift */,
			);
			path = Home;
			sourceTree = "<group>";
		};
		E2A9862028FB05FD00BAE9FA /* Settings */ = {
			isa = PBXGroup;
			children = (
				E2A9862128FB060F00BAE9FA /* SettingsView.swift */,
			);
			path = Settings;
			sourceTree = "<group>";
		};
		E2B3E79829033F0800A437C3 /* Utilities */ = {
			isa = PBXGroup;
			children = (
				E2B3E79929033F2100A437C3 /* Color+Extension.swift */,
			);
			path = Utilities;
			sourceTree = "<group>";
		};
		E2B3E79B290344CB00A437C3 /* Particles */ = {
			isa = PBXGroup;
			children = (
				E2B3E79429033E0D00A437C3 /* Particle.swift */,
				E2B3E79629033E6300A437C3 /* ParticleSystem.swift */,
				E2B3E79F2903454600A437C3 /* ParticlesCanvasView.swift */,
			);
			path = Particles;
			sourceTree = "<group>";
		};
		E2B3E79C290344F500A437C3 /* Gradient */ = {
			isa = PBXGroup;
			children = (
				E2B3E79D2903450700A437C3 /* GradientCanvasView.swift */,
			);
			path = Gradient;
			sourceTree = "<group>";
		};
		E2B3E7A12903457300A437C3 /* Liquid */ = {
			isa = PBXGroup;
			children = (
				E2B3E7A22903457E00A437C3 /* LiquidCanvasView.swift */,
			);
			path = Liquid;
			sourceTree = "<group>";
		};
		E2BD866E292167E8000EDC58 /* ImageViewer */ = {
			isa = PBXGroup;
			children = (
				E2BD866F29216811000EDC58 /* ImageViewerView.swift */,
				E2BD867129216CE7000EDC58 /* ImageViewerSettingsView.swift */,
				E2BD86782921739D000EDC58 /* AssetListEntry.swift */,
			);
			path = ImageViewer;
			sourceTree = "<group>";
		};
		E2BD867329216CFD000EDC58 /* Generated */ = {
			isa = PBXGroup;
			children = (
				E2BD867629217145000EDC58 /* assets.generated.swift */,
			);
			path = Generated;
			sourceTree = "<group>";
		};
		E2C67811292A792F00C38A61 /* DragGesture */ = {
			isa = PBXGroup;
			children = (
				E2C67812292A794E00C38A61 /* DragGestureView.swift */,
				E2C67814292A797300C38A61 /* MovableSquare.swift */,
			);
			path = DragGesture;
			sourceTree = "<group>";
		};
		E2EC960428FCA0F7006D6351 /* Transitions */ = {
			isa = PBXGroup;
			children = (
				E2EC960528FCA109006D6351 /* TransitionsView.swift */,
			);
			path = Transitions;
			sourceTree = "<group>";
		};
/* End PBXGroup section */

/* Begin PBXNativeTarget section */
		92026CD3295461650083722C /* EMShare */ = {
			isa = PBXNativeTarget;
			buildConfigurationList = 92026CDF295461650083722C /* Build configuration list for PBXNativeTarget "EMShare" */;
			buildPhases = (
				92026CD0295461650083722C /* Sources */,
				92026CD1295461650083722C /* Frameworks */,
				92026CD2295461650083722C /* Resources */,
			);
			buildRules = (
			);
			dependencies = (
			);
			name = EMShare;
			productName = EMShare;
			productReference = 92026CD4295461650083722C /* EMShare.appex */;
			productType = "com.apple.product-type.app-extension";
		};
		E2375CBF28EF6C73007E9C8F /* Ami */ = {
			isa = PBXNativeTarget;
			buildConfigurationList = E2375CCE28EF6C76007E9C8F /* Build configuration list for PBXNativeTarget "Ami" */;
			buildPhases = (
				E2BD867529216EAA000EDC58 /* 💜 AMI - SwiftGen */,
				E2375CBC28EF6C73007E9C8F /* Sources */,
				E2375CBD28EF6C73007E9C8F /* Frameworks */,
				E2375CBE28EF6C73007E9C8F /* Resources */,
				92026CE2295461650083722C /* Embed Foundation Extensions */,
			);
			buildRules = (
			);
			dependencies = (
				92026CDD295461650083722C /* PBXTargetDependency */,
			);
			name = Ami;
			productName = Ami;
			productReference = E2375CC028EF6C73007E9C8F /* Ami.app */;
			productType = "com.apple.product-type.application";
		};
/* End PBXNativeTarget section */

/* Begin PBXProject section */
		E2375CB828EF6C73007E9C8F /* Project object */ = {
			isa = PBXProject;
			attributes = {
				BuildIndependentTargetsInParallel = 1;
				LastSwiftUpdateCheck = 1410;
				LastUpgradeCheck = 1410;
				TargetAttributes = {
					92026CD3295461650083722C = {
						CreatedOnToolsVersion = 14.1;
					};
					E2375CBF28EF6C73007E9C8F = {
						CreatedOnToolsVersion = 14.1;
					};
				};
			};
			buildConfigurationList = E2375CBB28EF6C73007E9C8F /* Build configuration list for PBXProject "Ami" */;
			compatibilityVersion = "Xcode 14.0";
			developmentRegion = en;
			hasScannedForEncodings = 0;
			knownRegions = (
				en,
				Base,
			);
			mainGroup = E2375CB728EF6C73007E9C8F;
			productRefGroup = E2375CC128EF6C73007E9C8F /* Products */;
			projectDirPath = "";
			projectRoot = "";
			targets = (
				E2375CBF28EF6C73007E9C8F /* Ami */,
				92026CD3295461650083722C /* EMShare */,
			);
		};
/* End PBXProject section */

/* Begin PBXResourcesBuildPhase section */
		92026CD2295461650083722C /* Resources */ = {
			isa = PBXResourcesBuildPhase;
			buildActionMask = 2147483647;
			files = (
			);
			runOnlyForDeploymentPostprocessing = 0;
		};
		E2375CBE28EF6C73007E9C8F /* Resources */ = {
			isa = PBXResourcesBuildPhase;
			buildActionMask = 2147483647;
			files = (
				E2375CCB28EF6C76007E9C8F /* Preview Assets.xcassets in Resources */,
				E2375CC828EF6C76007E9C8F /* Assets.xcassets in Resources */,
			);
			runOnlyForDeploymentPostprocessing = 0;
		};
/* End PBXResourcesBuildPhase section */

/* Begin PBXShellScriptBuildPhase section */
		E2BD867529216EAA000EDC58 /* 💜 AMI - SwiftGen */ = {
			isa = PBXShellScriptBuildPhase;
			alwaysOutOfDate = 1;
			buildActionMask = 12;
			files = (
			);
			inputFileListPaths = (
			);
			inputPaths = (
			);
			name = "💜 AMI - SwiftGen";
			outputFileListPaths = (
			);
			outputPaths = (
			);
			runOnlyForDeploymentPostprocessing = 0;
			shellPath = /bin/sh;
			shellScript = "if ! command -v swiftgen &> /dev/null\nthen\n    echo 'SwiftGen is not installed; install with `brew install swiftgen`'\n    exit 1\nfi\n\nswiftgen config run --config .swiftgen.yml\n";
		};
/* End PBXShellScriptBuildPhase section */

/* Begin PBXSourcesBuildPhase section */
		92026CD0295461650083722C /* Sources */ = {
			isa = PBXSourcesBuildPhase;
			buildActionMask = 2147483647;
			files = (
				92026CD7295461650083722C /* ShareViewController.swift in Sources */,
			);
			runOnlyForDeploymentPostprocessing = 0;
		};
		E2375CBC28EF6C73007E9C8F /* Sources */ = {
			isa = PBXSourcesBuildPhase;
			buildActionMask = 2147483647;
			files = (
				E2C67815292A797300C38A61 /* MovableSquare.swift in Sources */,
				E26AE9002916ED22006918BD /* RGBValues.swift in Sources */,
				E2BD867729217145000EDC58 /* assets.generated.swift in Sources */,
				E2BD867229216CE7000EDC58 /* ImageViewerSettingsView.swift in Sources */,
				E2B3E7A32903457E00A437C3 /* LiquidCanvasView.swift in Sources */,
				E2375CF428F17462007E9C8F /* Fonts.swift in Sources */,
				E2B3E79A29033F2100A437C3 /* Color+Extension.swift in Sources */,
				E2EC960628FCA109006D6351 /* TransitionsView.swift in Sources */,
				E2375CE728F0BD46007E9C8F /* Theme.swift in Sources */,
				E26AE8FA2916E437006918BD /* LuminanceProvider.swift in Sources */,
				92026CCF29545E0C0083722C /* ShareSheetView.swift in Sources */,
				E26AE8FC2916E449006918BD /* LuminanceProviderInjection.swift in Sources */,
				E2A9861A28FAB68B00BAE9FA /* Page.swift in Sources */,
				E2375CEA28F0BD9B007E9C8F /* PurpleTheme.swift in Sources */,
				E26AE8F52916CE3C006918BD /* LuminanceView.swift in Sources */,
				925CA94B2966C4DC00492ABC /* AnimationsView.swift in Sources */,
				E2B3E79529033E0D00A437C3 /* Particle.swift in Sources */,
				E2375CD628EF6CDD007E9C8F /* RootView.swift in Sources */,
				E2A9861D28FADAAA00BAE9FA /* HomeView.swift in Sources */,
				925CA94D2966C58F00492ABC /* TwitterLikeView.swift in Sources */,
				E2375CE528F0BB7D007E9C8F /* HelloProviderInjection.swift in Sources */,
				E2B3E7A02903454600A437C3 /* ParticlesCanvasView.swift in Sources */,
				E26AE8F72916D9AD006918BD /* LuminanceColorSlider.swift in Sources */,
				E2313AB429008F3C001C07E2 /* CanvasView.swift in Sources */,
				E2BD86792921739D000EDC58 /* AssetListEntry.swift in Sources */,
				E2BD867029216811000EDC58 /* ImageViewerView.swift in Sources */,
				E2375CE328F0BB22007E9C8F /* HelloProvider.swift in Sources */,
				E2B3E79E2903450700A437C3 /* GradientCanvasView.swift in Sources */,
				E2375CDE28F0B768007E9C8F /* InjectionKey.swift in Sources */,
				E2375CC428EF6C73007E9C8F /* App.swift in Sources */,
				E21F577B28FAAE2B007E69A8 /* AmiTabBar.swift in Sources */,
				E2375CF028F0C086007E9C8F /* Themes.swift in Sources */,
				E2375CD928EF6D1A007E9C8F /* ThemeManager.swift in Sources */,
				E2B3E79729033E6300A437C3 /* ParticleSystem.swift in Sources */,
				E2C67813292A794E00C38A61 /* DragGestureView.swift in Sources */,
				E2375CDC28F0B75D007E9C8F /* InjectionResolver.swift in Sources */,
				E2375CE028F0B771007E9C8F /* Injected.swift in Sources */,
				E2A9862228FB060F00BAE9FA /* SettingsView.swift in Sources */,
			);
			runOnlyForDeploymentPostprocessing = 0;
		};
/* End PBXSourcesBuildPhase section */

/* Begin PBXTargetDependency section */
		92026CDD295461650083722C /* PBXTargetDependency */ = {
			isa = PBXTargetDependency;
			target = 92026CD3295461650083722C /* EMShare */;
			targetProxy = 92026CDC295461650083722C /* PBXContainerItemProxy */;
		};
/* End PBXTargetDependency section */

/* Begin XCBuildConfiguration section */
		92026CE0295461650083722C /* Debug */ = {
			isa = XCBuildConfiguration;
			buildSettings = {
				CODE_SIGN_STYLE = Automatic;
				CURRENT_PROJECT_VERSION = 1;
				DEVELOPMENT_TEAM = 75W97CWTS7;
				GENERATE_INFOPLIST_FILE = YES;
				INFOPLIST_FILE = EMShare/Info.plist;
				INFOPLIST_KEY_CFBundleDisplayName = EMShare;
				INFOPLIST_KEY_NSHumanReadableCopyright = "";
				LD_RUNPATH_SEARCH_PATHS = (
					"$(inherited)",
					"@executable_path/Frameworks",
					"@executable_path/../../Frameworks",
				);
				MARKETING_VERSION = 1.0;
				PRODUCT_BUNDLE_IDENTIFIER = com.koapp.Ami.EMShare;
				PRODUCT_NAME = "$(TARGET_NAME)";
				SKIP_INSTALL = YES;
				SWIFT_EMIT_LOC_STRINGS = YES;
				SWIFT_VERSION = 5.0;
				TARGETED_DEVICE_FAMILY = "1,2";
			};
			name = Debug;
		};
		92026CE1295461650083722C /* Release */ = {
			isa = XCBuildConfiguration;
			buildSettings = {
				CODE_SIGN_STYLE = Automatic;
				CURRENT_PROJECT_VERSION = 1;
				DEVELOPMENT_TEAM = 75W97CWTS7;
				GENERATE_INFOPLIST_FILE = YES;
				INFOPLIST_FILE = EMShare/Info.plist;
				INFOPLIST_KEY_CFBundleDisplayName = EMShare;
				INFOPLIST_KEY_NSHumanReadableCopyright = "";
				LD_RUNPATH_SEARCH_PATHS = (
					"$(inherited)",
					"@executable_path/Frameworks",
					"@executable_path/../../Frameworks",
				);
				MARKETING_VERSION = 1.0;
				PRODUCT_BUNDLE_IDENTIFIER = com.koapp.Ami.EMShare;
				PRODUCT_NAME = "$(TARGET_NAME)";
				SKIP_INSTALL = YES;
				SWIFT_EMIT_LOC_STRINGS = YES;
				SWIFT_VERSION = 5.0;
				TARGETED_DEVICE_FAMILY = "1,2";
			};
			name = Release;
		};
		E2375CCC28EF6C76007E9C8F /* Debug */ = {
			isa = XCBuildConfiguration;
			buildSettings = {
				ALWAYS_SEARCH_USER_PATHS = NO;
				CLANG_ANALYZER_NONNULL = YES;
				CLANG_ANALYZER_NUMBER_OBJECT_CONVERSION = YES_AGGRESSIVE;
				CLANG_CXX_LANGUAGE_STANDARD = "gnu++20";
				CLANG_ENABLE_MODULES = YES;
				CLANG_ENABLE_OBJC_ARC = YES;
				CLANG_ENABLE_OBJC_WEAK = YES;
				CLANG_WARN_BLOCK_CAPTURE_AUTORELEASING = YES;
				CLANG_WARN_BOOL_CONVERSION = YES;
				CLANG_WARN_COMMA = YES;
				CLANG_WARN_CONSTANT_CONVERSION = YES;
				CLANG_WARN_DEPRECATED_OBJC_IMPLEMENTATIONS = YES;
				CLANG_WARN_DIRECT_OBJC_ISA_USAGE = YES_ERROR;
				CLANG_WARN_DOCUMENTATION_COMMENTS = YES;
				CLANG_WARN_EMPTY_BODY = YES;
				CLANG_WARN_ENUM_CONVERSION = YES;
				CLANG_WARN_INFINITE_RECURSION = YES;
				CLANG_WARN_INT_CONVERSION = YES;
				CLANG_WARN_NON_LITERAL_NULL_CONVERSION = YES;
				CLANG_WARN_OBJC_IMPLICIT_RETAIN_SELF = YES;
				CLANG_WARN_OBJC_LITERAL_CONVERSION = YES;
				CLANG_WARN_OBJC_ROOT_CLASS = YES_ERROR;
				CLANG_WARN_QUOTED_INCLUDE_IN_FRAMEWORK_HEADER = YES;
				CLANG_WARN_RANGE_LOOP_ANALYSIS = YES;
				CLANG_WARN_STRICT_PROTOTYPES = YES;
				CLANG_WARN_SUSPICIOUS_MOVE = YES;
				CLANG_WARN_UNGUARDED_AVAILABILITY = YES_AGGRESSIVE;
				CLANG_WARN_UNREACHABLE_CODE = YES;
				CLANG_WARN__DUPLICATE_METHOD_MATCH = YES;
				COPY_PHASE_STRIP = NO;
				DEBUG_INFORMATION_FORMAT = dwarf;
				ENABLE_STRICT_OBJC_MSGSEND = YES;
				ENABLE_TESTABILITY = YES;
				GCC_C_LANGUAGE_STANDARD = gnu11;
				GCC_DYNAMIC_NO_PIC = NO;
				GCC_NO_COMMON_BLOCKS = YES;
				GCC_OPTIMIZATION_LEVEL = 0;
				GCC_PREPROCESSOR_DEFINITIONS = (
					"DEBUG=1",
					"$(inherited)",
				);
				GCC_WARN_64_TO_32_BIT_CONVERSION = YES;
				GCC_WARN_ABOUT_RETURN_TYPE = YES_ERROR;
				GCC_WARN_UNDECLARED_SELECTOR = YES;
				GCC_WARN_UNINITIALIZED_AUTOS = YES_AGGRESSIVE;
				GCC_WARN_UNUSED_FUNCTION = YES;
				GCC_WARN_UNUSED_VARIABLE = YES;
				IPHONEOS_DEPLOYMENT_TARGET = 16.1;
				MTL_ENABLE_DEBUG_INFO = INCLUDE_SOURCE;
				MTL_FAST_MATH = YES;
				ONLY_ACTIVE_ARCH = YES;
				SDKROOT = iphoneos;
				SWIFT_ACTIVE_COMPILATION_CONDITIONS = DEBUG;
				SWIFT_OPTIMIZATION_LEVEL = "-Onone";
			};
			name = Debug;
		};
		E2375CCD28EF6C76007E9C8F /* Release */ = {
			isa = XCBuildConfiguration;
			buildSettings = {
				ALWAYS_SEARCH_USER_PATHS = NO;
				CLANG_ANALYZER_NONNULL = YES;
				CLANG_ANALYZER_NUMBER_OBJECT_CONVERSION = YES_AGGRESSIVE;
				CLANG_CXX_LANGUAGE_STANDARD = "gnu++20";
				CLANG_ENABLE_MODULES = YES;
				CLANG_ENABLE_OBJC_ARC = YES;
				CLANG_ENABLE_OBJC_WEAK = YES;
				CLANG_WARN_BLOCK_CAPTURE_AUTORELEASING = YES;
				CLANG_WARN_BOOL_CONVERSION = YES;
				CLANG_WARN_COMMA = YES;
				CLANG_WARN_CONSTANT_CONVERSION = YES;
				CLANG_WARN_DEPRECATED_OBJC_IMPLEMENTATIONS = YES;
				CLANG_WARN_DIRECT_OBJC_ISA_USAGE = YES_ERROR;
				CLANG_WARN_DOCUMENTATION_COMMENTS = YES;
				CLANG_WARN_EMPTY_BODY = YES;
				CLANG_WARN_ENUM_CONVERSION = YES;
				CLANG_WARN_INFINITE_RECURSION = YES;
				CLANG_WARN_INT_CONVERSION = YES;
				CLANG_WARN_NON_LITERAL_NULL_CONVERSION = YES;
				CLANG_WARN_OBJC_IMPLICIT_RETAIN_SELF = YES;
				CLANG_WARN_OBJC_LITERAL_CONVERSION = YES;
				CLANG_WARN_OBJC_ROOT_CLASS = YES_ERROR;
				CLANG_WARN_QUOTED_INCLUDE_IN_FRAMEWORK_HEADER = YES;
				CLANG_WARN_RANGE_LOOP_ANALYSIS = YES;
				CLANG_WARN_STRICT_PROTOTYPES = YES;
				CLANG_WARN_SUSPICIOUS_MOVE = YES;
				CLANG_WARN_UNGUARDED_AVAILABILITY = YES_AGGRESSIVE;
				CLANG_WARN_UNREACHABLE_CODE = YES;
				CLANG_WARN__DUPLICATE_METHOD_MATCH = YES;
				COPY_PHASE_STRIP = NO;
				DEBUG_INFORMATION_FORMAT = "dwarf-with-dsym";
				ENABLE_NS_ASSERTIONS = NO;
				ENABLE_STRICT_OBJC_MSGSEND = YES;
				GCC_C_LANGUAGE_STANDARD = gnu11;
				GCC_NO_COMMON_BLOCKS = YES;
				GCC_WARN_64_TO_32_BIT_CONVERSION = YES;
				GCC_WARN_ABOUT_RETURN_TYPE = YES_ERROR;
				GCC_WARN_UNDECLARED_SELECTOR = YES;
				GCC_WARN_UNINITIALIZED_AUTOS = YES_AGGRESSIVE;
				GCC_WARN_UNUSED_FUNCTION = YES;
				GCC_WARN_UNUSED_VARIABLE = YES;
				IPHONEOS_DEPLOYMENT_TARGET = 16.1;
				MTL_ENABLE_DEBUG_INFO = NO;
				MTL_FAST_MATH = YES;
				SDKROOT = iphoneos;
				SWIFT_COMPILATION_MODE = wholemodule;
				SWIFT_OPTIMIZATION_LEVEL = "-O";
				VALIDATE_PRODUCT = YES;
			};
			name = Release;
		};
		E2375CCF28EF6C76007E9C8F /* Debug */ = {
			isa = XCBuildConfiguration;
			buildSettings = {
				ALWAYS_EMBED_SWIFT_STANDARD_LIBRARIES = YES;
				ASSETCATALOG_COMPILER_APPICON_NAME = AppIcon;
				ASSETCATALOG_COMPILER_GLOBAL_ACCENT_COLOR_NAME = AccentColor;
				CODE_SIGN_STYLE = Automatic;
				CURRENT_PROJECT_VERSION = 1;
				DEVELOPMENT_ASSET_PATHS = "\"Ami/Preview Content\"";
				DEVELOPMENT_TEAM = 75W97CWTS7;
				ENABLE_PREVIEWS = YES;
				GENERATE_INFOPLIST_FILE = YES;
				INFOPLIST_KEY_UIApplicationSceneManifest_Generation = YES;
				INFOPLIST_KEY_UIApplicationSupportsIndirectInputEvents = YES;
				INFOPLIST_KEY_UILaunchScreen_Generation = YES;
				INFOPLIST_KEY_UISupportedInterfaceOrientations_iPad = "UIInterfaceOrientationPortrait UIInterfaceOrientationPortraitUpsideDown UIInterfaceOrientationLandscapeLeft UIInterfaceOrientationLandscapeRight";
				INFOPLIST_KEY_UISupportedInterfaceOrientations_iPhone = "UIInterfaceOrientationPortrait UIInterfaceOrientationLandscapeLeft UIInterfaceOrientationLandscapeRight";
				LD_RUNPATH_SEARCH_PATHS = (
					"$(inherited)",
					"@executable_path/Frameworks",
				);
				MARKETING_VERSION = 1.0;
				PRODUCT_BUNDLE_IDENTIFIER = com.koapp.Ami;
				PRODUCT_NAME = "$(TARGET_NAME)";
				SWIFT_EMIT_LOC_STRINGS = YES;
				SWIFT_VERSION = 5.0;
				TARGETED_DEVICE_FAMILY = "1,2";
			};
			name = Debug;
		};
		E2375CD028EF6C76007E9C8F /* Release */ = {
			isa = XCBuildConfiguration;
			buildSettings = {
				ALWAYS_EMBED_SWIFT_STANDARD_LIBRARIES = YES;
				ASSETCATALOG_COMPILER_APPICON_NAME = AppIcon;
				ASSETCATALOG_COMPILER_GLOBAL_ACCENT_COLOR_NAME = AccentColor;
				CODE_SIGN_STYLE = Automatic;
				CURRENT_PROJECT_VERSION = 1;
				DEVELOPMENT_ASSET_PATHS = "\"Ami/Preview Content\"";
				DEVELOPMENT_TEAM = 75W97CWTS7;
				ENABLE_PREVIEWS = YES;
				GENERATE_INFOPLIST_FILE = YES;
				INFOPLIST_KEY_UIApplicationSceneManifest_Generation = YES;
				INFOPLIST_KEY_UIApplicationSupportsIndirectInputEvents = YES;
				INFOPLIST_KEY_UILaunchScreen_Generation = YES;
				INFOPLIST_KEY_UISupportedInterfaceOrientations_iPad = "UIInterfaceOrientationPortrait UIInterfaceOrientationPortraitUpsideDown UIInterfaceOrientationLandscapeLeft UIInterfaceOrientationLandscapeRight";
				INFOPLIST_KEY_UISupportedInterfaceOrientations_iPhone = "UIInterfaceOrientationPortrait UIInterfaceOrientationLandscapeLeft UIInterfaceOrientationLandscapeRight";
				LD_RUNPATH_SEARCH_PATHS = (
					"$(inherited)",
					"@executable_path/Frameworks",
				);
				MARKETING_VERSION = 1.0;
				PRODUCT_BUNDLE_IDENTIFIER = com.koapp.Ami;
				PRODUCT_NAME = "$(TARGET_NAME)";
				SWIFT_EMIT_LOC_STRINGS = YES;
				SWIFT_VERSION = 5.0;
				TARGETED_DEVICE_FAMILY = "1,2";
			};
			name = Release;
		};
/* End XCBuildConfiguration section */

/* Begin XCConfigurationList section */
		92026CDF295461650083722C /* Build configuration list for PBXNativeTarget "EMShare" */ = {
			isa = XCConfigurationList;
			buildConfigurations = (
				92026CE0295461650083722C /* Debug */,
				92026CE1295461650083722C /* Release */,
			);
			defaultConfigurationIsVisible = 0;
			defaultConfigurationName = Release;
		};
		E2375CBB28EF6C73007E9C8F /* Build configuration list for PBXProject "Ami" */ = {
			isa = XCConfigurationList;
			buildConfigurations = (
				E2375CCC28EF6C76007E9C8F /* Debug */,
				E2375CCD28EF6C76007E9C8F /* Release */,
			);
			defaultConfigurationIsVisible = 0;
			defaultConfigurationName = Release;
		};
		E2375CCE28EF6C76007E9C8F /* Build configuration list for PBXNativeTarget "Ami" */ = {
			isa = XCConfigurationList;
			buildConfigurations = (
				E2375CCF28EF6C76007E9C8F /* Debug */,
				E2375CD028EF6C76007E9C8F /* Release */,
			);
			defaultConfigurationIsVisible = 0;
			defaultConfigurationName = Release;
		};
/* End XCConfigurationList section */
	};
	rootObject = E2375CB828EF6C73007E9C8F /* Project object */;
}
